Microsoft Visual Studio Solution File, Format Version 12.00
# Visual Studio Version 17
VisualStudioVersion = 17.5.2.0
MinimumVisualStudioVersion = 10.0.40219.1
Project("{FAE04EC0-301F-11D3-BF4B-00C04F79EFBC}") = "prototype_app_secu", "prototype_app_secu.csproj", "{AE9764A0-A7CA-BB3B-0E3E-DCB87B00522F}"
EndProject
Global
	GlobalSection(SolutionConfigurationPlatforms) = preSolution
		Debug|Any CPU = Debug|Any CPU
		Release|Any CPU = Release|Any CPU
	EndGlobalSection
	GlobalSection(ProjectConfigurationPlatforms) = postSolution
		{AE9764A0-A7CA-BB3B-0E3E-DCB87B00522F}.Debug|Any CPU.ActiveCfg = Debug|Any CPU
		{AE9764A0-A7CA-BB3B-0E3E-DCB87B00522F}.Debug|Any CPU.Build.0 = Debug|Any CPU
		{AE9764A0-A7CA-BB3B-0E3E-DCB87B00522F}.Release|Any CPU.ActiveCfg = Release|Any CPU
		{AE9764A0-A7CA-BB3B-0E3E-DCB87B00522F}.Release|Any CPU.Build.0 = Release|Any CPU
	EndGlobalSection
	GlobalSection(SolutionProperties) = preSolution
		HideSolutionNode = FALSE
	EndGlobalSection
	GlobalSection(ExtensibilityGlobals) = postSolution
		SolutionGuid = {853A6BFC-5A35-443E-9F5E-3A948F3976DD}
	EndGlobalSection
EndGlobal
